
Microsoft Visual Studio Solution File, Format Version 12.00
# Visual Studio Version 16
VisualStudioVersion = 16.0.30011.22
MinimumVisualStudioVersion = 10.0.40219.1
Project("{FAE04EC0-301F-11D3-BF4B-00C04F79EFBC}") = "QuarantineEntityTemplate", "src\QuarantineEntityTemplate\QuarantineEntityTemplate.csproj", "{B2D3B74D-1AB0-4BC5-9293-CA420A12EEF5}"
EndProject
Project("{FAE04EC0-301F-11D3-BF4B-00C04F79EFBC}") = "QuarantineWizard", "src\QuarantineWizard\QuarantineWizard.csproj", "{33859928-F58E-4DF8-BBD8-4C81D1697D8D}"
EndProject
Project("{FAE04EC0-301F-11D3-BF4B-00C04F79EFBC}") = "QuarantineRepositoryTemplate", "src\QuarantineRepositoryTemplate\QuarantineRepositoryTemplate.csproj", "{D253E46E-364E-4BD6-ABD4-543A58AA189C}"
EndProject
Project("{FAE04EC0-301F-11D3-BF4B-00C04F79EFBC}") = "QuarantineTemplate", "src\QuarantineTemplate\QuarantineTemplate.csproj", "{0F65619D-E1F9-4246-B380-1F32DEFFBC17}"
EndProject
Global
	GlobalSection(SolutionConfigurationPlatforms) = preSolution
		Debug|Any CPU = Debug|Any CPU
		Release|Any CPU = Release|Any CPU
	EndGlobalSection
	GlobalSection(ProjectConfigurationPlatforms) = postSolution
		{B2D3B74D-1AB0-4BC5-9293-CA420A12EEF5}.Debug|Any CPU.ActiveCfg = Debug|Any CPU
		{B2D3B74D-1AB0-4BC5-9293-CA420A12EEF5}.Debug|Any CPU.Build.0 = Debug|Any CPU
		{B2D3B74D-1AB0-4BC5-9293-CA420A12EEF5}.Release|Any CPU.ActiveCfg = Release|Any CPU
		{B2D3B74D-1AB0-4BC5-9293-CA420A12EEF5}.Release|Any CPU.Build.0 = Release|Any CPU
		{33859928-F58E-4DF8-BBD8-4C81D1697D8D}.Debug|Any CPU.ActiveCfg = Debug|Any CPU
		{33859928-F58E-4DF8-BBD8-4C81D1697D8D}.Debug|Any CPU.Build.0 = Debug|Any CPU
		{33859928-F58E-4DF8-BBD8-4C81D1697D8D}.Release|Any CPU.ActiveCfg = Release|Any CPU
		{33859928-F58E-4DF8-BBD8-4C81D1697D8D}.Release|Any CPU.Build.0 = Release|Any CPU
		{D253E46E-364E-4BD6-ABD4-543A58AA189C}.Debug|Any CPU.ActiveCfg = Debug|Any CPU
		{D253E46E-364E-4BD6-ABD4-543A58AA189C}.Debug|Any CPU.Build.0 = Debug|Any CPU
		{D253E46E-364E-4BD6-ABD4-543A58AA189C}.Release|Any CPU.ActiveCfg = Release|Any CPU
		{D253E46E-364E-4BD6-ABD4-543A58AA189C}.Release|Any CPU.Build.0 = Release|Any CPU
		{0F65619D-E1F9-4246-B380-1F32DEFFBC17}.Debug|Any CPU.ActiveCfg = Debug|Any CPU
		{0F65619D-E1F9-4246-B380-1F32DEFFBC17}.Debug|Any CPU.Build.0 = Debug|Any CPU
		{0F65619D-E1F9-4246-B380-1F32DEFFBC17}.Release|Any CPU.ActiveCfg = Release|Any CPU
		{0F65619D-E1F9-4246-B380-1F32DEFFBC17}.Release|Any CPU.Build.0 = Release|Any CPU
	EndGlobalSection
	GlobalSection(SolutionProperties) = preSolution
		HideSolutionNode = FALSE
	EndGlobalSection
	GlobalSection(ExtensibilityGlobals) = postSolution
		SolutionGuid = {96496CED-459C-43E4-AAA2-66ED96CBD6D6}
	EndGlobalSection
EndGlobal
